// !$*UTF8*$!
{
	archiveVersion = 1;
	classes = {
	};
	objectVersion = 77;
	objects = {

/* Begin PBXBuildFile section */
		DAFEDCBA0000000000000031 /* IronLogApp.swift in Sources */ = {isa = PBXBuildFile; fileRef = DAFEDCBA0000000000000011 /* IronLogApp.swift */; };
		DAFEDCBA0000000000000032 /* ContentView.swift in Sources */ = {isa = PBXBuildFile; fileRef = DAFEDCBA0000000000000012 /* ContentView.swift */; };
		DAFEDCBA0000000000000033 /* Assets.xcassets in Resources */ = {isa = PBXBuildFile; fileRef = DAFEDCBA0000000000000013 /* Assets.xcassets */; };
		DAFEDCBA0000000000000034 /* AppState.swift in Sources */ = {isa = PBXBuildFile; fileRef = DAFEDCBA0000000000000014 /* AppState.swift */; };
		DAFEDCBA0000000000000035 /* Exercise.swift in Sources */ = {isa = PBXBuildFile; fileRef = DAFEDCBA0000000000000015 /* Exercise.swift */; };
		DAFEDCBA0000000000000036 /* WorkoutModels.swift in Sources */ = {isa = PBXBuildFile; fileRef = DAFEDCBA0000000000000016 /* WorkoutModels.swift */; };
		DAFEDCBA0000000000000037 /* UserProfile.swift in Sources */ = {isa = PBXBuildFile; fileRef = DAFEDCBA0000000000000017 /* UserProfile.swift */; };
		DAFEDCBA0000000000000038 /* DataService.swift in Sources */ = {isa = PBXBuildFile; fileRef = DAFEDCBA0000000000000018 /* DataService.swift */; };
		DAFEDCBA0000000000000039 /* PersistenceService.swift in Sources */ = {isa = PBXBuildFile; fileRef = DAFEDCBA0000000000000019 /* PersistenceService.swift */; };
		DAFEDCBA000000000000003A /* PRService.swift in Sources */ = {isa = PBXBuildFile; fileRef = DAFEDCBA000000000000001A /* PRService.swift */; };
		DAFEDCBA000000000000003B /* CalorieService.swift in Sources */ = {isa = PBXBuildFile; fileRef = DAFEDCBA000000000000001B /* CalorieService.swift */; };
		DAFEDCBA000000000000003C /* FirebaseService.swift in Sources */ = {isa = PBXBuildFile; fileRef = DAFEDCBA000000000000001C /* FirebaseService.swift */; };
		DAFEDCBA000000000000003D /* WorkoutSessionViewModel.swift in Sources */ = {isa = PBXBuildFile; fileRef = DAFEDCBA000000000000001D /* WorkoutSessionViewModel.swift */; };
		DAFEDCBA000000000000003E /* MainTabView.swift in Sources */ = {isa = PBXBuildFile; fileRef = DAFEDCBA000000000000001E /* MainTabView.swift */; };
		DAFEDCBA000000000000003F /* LogHomeView.swift in Sources */ = {isa = PBXBuildFile; fileRef = DAFEDCBA000000000000001F /* LogHomeView.swift */; };
		DAFEDCBA0000000000000040 /* ActiveWorkoutView.swift in Sources */ = {isa = PBXBuildFile; fileRef = DAFEDCBA0000000000000020 /* ActiveWorkoutView.swift */; };
		DAFEDCBA0000000000000041 /* ExerciseBlockView.swift in Sources */ = {isa = PBXBuildFile; fileRef = DAFEDCBA0000000000000021 /* ExerciseBlockView.swift */; };
		DAFEDCBA0000000000000042 /* SetRowView.swift in Sources */ = {isa = PBXBuildFile; fileRef = DAFEDCBA0000000000000022 /* SetRowView.swift */; };
		DAFEDCBA0000000000000043 /* ExercisePickerView.swift in Sources */ = {isa = PBXBuildFile; fileRef = DAFEDCBA0000000000000023 /* ExercisePickerView.swift */; };
		DAFEDCBA0000000000000044 /* RecordsView.swift in Sources */ = {isa = PBXBuildFile; fileRef = DAFEDCBA0000000000000024 /* RecordsView.swift */; };
		DAFEDCBA0000000000000045 /* HistoryView.swift in Sources */ = {isa = PBXBuildFile; fileRef = DAFEDCBA0000000000000025 /* HistoryView.swift */; };
		DAFEDCBA0000000000000046 /* SettingsView.swift in Sources */ = {isa = PBXBuildFile; fileRef = DAFEDCBA0000000000000026 /* SettingsView.swift */; };
		DAFEDCBA0000000000000047 /* AccountView.swift in Sources */ = {isa = PBXBuildFile; fileRef = DAFEDCBA0000000000000027 /* AccountView.swift */; };
		DAFEDCBA0000000000000048 /* TimerBarView.swift in Sources */ = {isa = PBXBuildFile; fileRef = DAFEDCBA0000000000000028 /* TimerBarView.swift */; };
		DAFEDCBA0000000000000049 /* HelpButton.swift in Sources */ = {isa = PBXBuildFile; fileRef = DAFEDCBA0000000000000029 /* HelpButton.swift */; };
		DAFEDCBA000000000000004A /* exercises.json in Resources */ = {isa = PBXBuildFile; fileRef = DAFEDCBA000000000000002A /* exercises.json */; };
		DAFEDCBA000000000000004B /* exercise-help.json in Resources */ = {isa = PBXBuildFile; fileRef = DAFEDCBA000000000000002B /* exercise-help.json */; };
/* End PBXBuildFile section */

/* Begin PBXFileReference section */
		DAFEDCBA0000000000000010 /* IronLog.app */ = {isa = PBXFileReference; explicitFileType = wrapper.application; includeInIndex = 0; path = IronLog.app; sourceTree = BUILT_PRODUCTS_DIR; };
		DAFEDCBA0000000000000011 /* IronLogApp.swift */ = {isa = PBXFileReference; lastKnownFileType = sourcecode.swift; path = IronLogApp.swift; sourceTree = "<group>"; };
		DAFEDCBA0000000000000012 /* ContentView.swift */ = {isa = PBXFileReference; lastKnownFileType = sourcecode.swift; path = ContentView.swift; sourceTree = "<group>"; };
		DAFEDCBA0000000000000013 /* Assets.xcassets */ = {isa = PBXFileReference; lastKnownFileType = folder.assetcatalog; path = Assets.xcassets; sourceTree = "<group>"; };
		DAFEDCBA0000000000000014 /* AppState.swift */ = {isa = PBXFileReference; lastKnownFileType = sourcecode.swift; path = AppState.swift; sourceTree = "<group>"; };
		DAFEDCBA0000000000000015 /* Exercise.swift */ = {isa = PBXFileReference; lastKnownFileType = sourcecode.swift; path = Exercise.swift; sourceTree = "<group>"; };
		DAFEDCBA0000000000000016 /* WorkoutModels.swift */ = {isa = PBXFileReference; lastKnownFileType = sourcecode.swift; path = WorkoutModels.swift; sourceTree = "<group>"; };
		DAFEDCBA0000000000000017 /* UserProfile.swift */ = {isa = PBXFileReference; lastKnownFileType = sourcecode.swift; path = UserProfile.swift; sourceTree = "<group>"; };
		DAFEDCBA0000000000000018 /* DataService.swift */ = {isa = PBXFileReference; lastKnownFileType = sourcecode.swift; path = DataService.swift; sourceTree = "<group>"; };
		DAFEDCBA0000000000000019 /* PersistenceService.swift */ = {isa = PBXFileReference; lastKnownFileType = sourcecode.swift; path = PersistenceService.swift; sourceTree = "<group>"; };
		DAFEDCBA000000000000001A /* PRService.swift */ = {isa = PBXFileReference; lastKnownFileType = sourcecode.swift; path = PRService.swift; sourceTree = "<group>"; };
		DAFEDCBA000000000000001B /* CalorieService.swift */ = {isa = PBXFileReference; lastKnownFileType = sourcecode.swift; path = CalorieService.swift; sourceTree = "<group>"; };
		DAFEDCBA000000000000001C /* FirebaseService.swift */ = {isa = PBXFileReference; lastKnownFileType = sourcecode.swift; path = FirebaseService.swift; sourceTree = "<group>"; };
		DAFEDCBA000000000000001D /* WorkoutSessionViewModel.swift */ = {isa = PBXFileReference; lastKnownFileType = sourcecode.swift; path = WorkoutSessionViewModel.swift; sourceTree = "<group>"; };
		DAFEDCBA000000000000001E /* MainTabView.swift */ = {isa = PBXFileReference; lastKnownFileType = sourcecode.swift; path = MainTabView.swift; sourceTree = "<group>"; };
		DAFEDCBA000000000000001F /* LogHomeView.swift */ = {isa = PBXFileReference; lastKnownFileType = sourcecode.swift; path = LogHomeView.swift; sourceTree = "<group>"; };
		DAFEDCBA0000000000000020 /* ActiveWorkoutView.swift */ = {isa = PBXFileReference; lastKnownFileType = sourcecode.swift; path = ActiveWorkoutView.swift; sourceTree = "<group>"; };
		DAFEDCBA0000000000000021 /* ExerciseBlockView.swift */ = {isa = PBXFileReference; lastKnownFileType = sourcecode.swift; path = ExerciseBlockView.swift; sourceTree = "<group>"; };
		DAFEDCBA0000000000000022 /* SetRowView.swift */ = {isa = PBXFileReference; lastKnownFileType = sourcecode.swift; path = SetRowView.swift; sourceTree = "<group>"; };
		DAFEDCBA0000000000000023 /* ExercisePickerView.swift */ = {isa = PBXFileReference; lastKnownFileType = sourcecode.swift; path = ExercisePickerView.swift; sourceTree = "<group>"; };
		DAFEDCBA0000000000000024 /* RecordsView.swift */ = {isa = PBXFileReference; lastKnownFileType = sourcecode.swift; path = RecordsView.swift; sourceTree = "<group>"; };
		DAFEDCBA0000000000000025 /* HistoryView.swift */ = {isa = PBXFileReference; lastKnownFileType = sourcecode.swift; path = HistoryView.swift; sourceTree = "<group>"; };
		DAFEDCBA0000000000000026 /* SettingsView.swift */ = {isa = PBXFileReference; lastKnownFileType = sourcecode.swift; path = SettingsView.swift; sourceTree = "<group>"; };
		DAFEDCBA0000000000000027 /* AccountView.swift */ = {isa = PBXFileReference; lastKnownFileType = sourcecode.swift; path = AccountView.swift; sourceTree = "<group>"; };
		DAFEDCBA0000000000000028 /* TimerBarView.swift */ = {isa = PBXFileReference; lastKnownFileType = sourcecode.swift; path = TimerBarView.swift; sourceTree = "<group>"; };
		DAFEDCBA0000000000000029 /* HelpButton.swift */ = {isa = PBXFileReference; lastKnownFileType = sourcecode.swift; path = HelpButton.swift; sourceTree = "<group>"; };
		DAFEDCBA000000000000002A /* exercises.json */ = {isa = PBXFileReference; lastKnownFileType = text.json; path = exercises.json; sourceTree = "<group>"; };
		DAFEDCBA000000000000002B /* exercise-help.json */ = {isa = PBXFileReference; lastKnownFileType = text.json; path = "exercise-help.json"; sourceTree = "<group>"; };
/* End PBXFileReference section */

/* Begin PBXFrameworksBuildPhase section */
		DAFEDCBA0000000000000052 /* Frameworks */ = {
			isa = PBXFrameworksBuildPhase;
			buildActionMask = 2147483647;
			files = (
			);
			runOnlyForDeploymentPostprocessing = 0;
		};
/* End PBXFrameworksBuildPhase section */

/* Begin PBXGroup section */
		DAFEDCBA0000000000000001 /* IronLog */ = {
			isa = PBXGroup;
			children = (
				DAFEDCBA0000000000000002 /* IronLog */,
				DAFEDCBA0000000000000003 /* Products */,
			);
			sourceTree = "<group>";
		};
		DAFEDCBA0000000000000002 /* IronLog */ = {
			isa = PBXGroup;
			children = (
				DAFEDCBA0000000000000011 /* IronLogApp.swift */,
				DAFEDCBA0000000000000012 /* ContentView.swift */,
				DAFEDCBA0000000000000004 /* Models */,
				DAFEDCBA0000000000000005 /* Views */,
				DAFEDCBA0000000000000006 /* Services */,
				DAFEDCBA0000000000000007 /* ViewModels */,
				DAFEDCBA0000000000000008 /* Resources */,
			);
			path = IronLog;
			sourceTree = "<group>";
		};
		DAFEDCBA0000000000000003 /* Products */ = {
			isa = PBXGroup;
			children = (
				DAFEDCBA0000000000000010 /* IronLog.app */,
			);
			name = Products;
			sourceTree = "<group>";
		};
		DAFEDCBA0000000000000004 /* Models */ = {
			isa = PBXGroup;
			children = (
				DAFEDCBA0000000000000014 /* AppState.swift */,
				DAFEDCBA0000000000000015 /* Exercise.swift */,
				DAFEDCBA0000000000000016 /* WorkoutModels.swift */,
				DAFEDCBA0000000000000017 /* UserProfile.swift */,
			);
			path = Models;
			sourceTree = "<group>";
		};
		DAFEDCBA0000000000000005 /* Views */ = {
			isa = PBXGroup;
			children = (
				DAFEDCBA000000000000001E /* MainTabView.swift */,
				DAFEDCBA0000000000000009 /* Log */,
				DAFEDCBA000000000000000A /* Records */,
				DAFEDCBA000000000000000B /* History */,
				DAFEDCBA000000000000000C /* Settings */,
				DAFEDCBA000000000000000D /* Components */,
			);
			path = Views;
			sourceTree = "<group>";
		};
		DAFEDCBA0000000000000006 /* Services */ = {
			isa = PBXGroup;
			children = (
				DAFEDCBA0000000000000018 /* DataService.swift */,
				DAFEDCBA0000000000000019 /* PersistenceService.swift */,
				DAFEDCBA000000000000001A /* PRService.swift */,
				DAFEDCBA000000000000001B /* CalorieService.swift */,
				DAFEDCBA000000000000001C /* FirebaseService.swift */,
			);
			path = Services;
			sourceTree = "<group>";
		};
		DAFEDCBA0000000000000007 /* ViewModels */ = {
			isa = PBXGroup;
			children = (
				DAFEDCBA000000000000001D /* WorkoutSessionViewModel.swift */,
			);
			path = ViewModels;
			sourceTree = "<group>";
		};
		DAFEDCBA0000000000000008 /* Resources */ = {
			isa = PBXGroup;
			children = (
				DAFEDCBA0000000000000013 /* Assets.xcassets */,
				DAFEDCBA000000000000002A /* exercises.json */,
				DAFEDCBA000000000000002B /* exercise-help.json */,
			);
			path = Resources;
			sourceTree = "<group>";
		};
		DAFEDCBA0000000000000009 /* Log */ = {
			isa = PBXGroup;
			children = (
				DAFEDCBA000000000000001F /* LogHomeView.swift */,
				DAFEDCBA0000000000000020 /* ActiveWorkoutView.swift */,
				DAFEDCBA0000000000000021 /* ExerciseBlockView.swift */,
				DAFEDCBA0000000000000022 /* SetRowView.swift */,
				DAFEDCBA0000000000000023 /* ExercisePickerView.swift */,
			);
			path = Log;
			sourceTree = "<group>";
		};
		DAFEDCBA000000000000000A /* Records */ = {
			isa = PBXGroup;
			children = (
				DAFEDCBA0000000000000024 /* RecordsView.swift */,
			);
			path = Records;
			sourceTree = "<group>";
		};
		DAFEDCBA000000000000000B /* History */ = {
			isa = PBXGroup;
			children = (
				DAFEDCBA0000000000000025 /* HistoryView.swift */,
			);
			path = History;
			sourceTree = "<group>";
		};
		DAFEDCBA000000000000000C /* Settings */ = {
			isa = PBXGroup;
			children = (
				DAFEDCBA0000000000000026 /* SettingsView.swift */,
				DAFEDCBA0000000000000027 /* AccountView.swift */,
			);
			path = Settings;
			sourceTree = "<group>";
		};
		DAFEDCBA000000000000000D /* Components */ = {
			isa = PBXGroup;
			children = (
				DAFEDCBA0000000000000028 /* TimerBarView.swift */,
				DAFEDCBA0000000000000029 /* HelpButton.swift */,
			);
			path = Components;
			sourceTree = "<group>";
		};
/* End PBXGroup section */

/* Begin PBXNativeTarget section */
		DAFEDCBA0000000000000060 /* IronLog */ = {
			isa = PBXNativeTarget;
			buildConfigurationList = DAFEDCBA0000000000000071 /* Build configuration list for PBXNativeTarget "IronLog" */;
			buildPhases = (
				DAFEDCBA0000000000000050 /* Sources */,
				DAFEDCBA0000000000000051 /* Resources */,
				DAFEDCBA0000000000000052 /* Frameworks */,
			);
			buildRules = (
			);
			dependencies = (
			);
			name = IronLog;
			productName = IronLog;
			productReference = DAFEDCBA0000000000000010 /* IronLog.app */;
			productType = "com.apple.product-type.application";
		};
/* End PBXNativeTarget section */

/* Begin PBXProject section */
		DAFEDCBA0000000000000090 /* Project object */ = {
			isa = PBXProject;
			attributes = {
				BuildIndependentTargetsInParallel = 1;
				LastSwiftUpdateCheck = 1500;
				LastUpgradeCheck = 1500;
				TargetAttributes = {
					DAFEDCBA0000000000000060 = {
						CreatedOnToolsVersion = 15.0;
					};
				};
			};
			buildConfigurationList = DAFEDCBA0000000000000070 /* Build configuration list for PBXProject "IronLog" */;
			compatibilityVersion = "Xcode 14.0";
			developmentRegion = en;
			hasScannedForEncodings = 0;
			knownRegions = (
				en,
				Base,
			);
			mainGroup = DAFEDCBA0000000000000001;
			productRefGroup = DAFEDCBA0000000000000003 /* Products */;
			projectDirPath = "";
			projectRoot = "";
			targets = (
				DAFEDCBA0000000000000060 /* IronLog */,
			);
		};
/* End PBXProject section */

/* Begin PBXResourcesBuildPhase section */
		DAFEDCBA0000000000000051 /* Resources */ = {
			isa = PBXResourcesBuildPhase;
			buildActionMask = 2147483647;
			files = (
				DAFEDCBA0000000000000033 /* Assets.xcassets in Resources */,
				DAFEDCBA000000000000004A /* exercises.json in Resources */,
				DAFEDCBA000000000000004B /* exercise-help.json in Resources */,
			);
			runOnlyForDeploymentPostprocessing = 0;
		};
/* End PBXResourcesBuildPhase section */

/* Begin PBXSourcesBuildPhase section */
		DAFEDCBA0000000000000050 /* Sources */ = {
			isa = PBXSourcesBuildPhase;
			buildActionMask = 2147483647;
			files = (
				DAFEDCBA0000000000000031 /* IronLogApp.swift in Sources */,
				DAFEDCBA0000000000000032 /* ContentView.swift in Sources */,
				DAFEDCBA0000000000000034 /* AppState.swift in Sources */,
				DAFEDCBA0000000000000035 /* Exercise.swift in Sources */,
				DAFEDCBA0000000000000036 /* WorkoutModels.swift in Sources */,
				DAFEDCBA0000000000000037 /* UserProfile.swift in Sources */,
				DAFEDCBA0000000000000038 /* DataService.swift in Sources */,
				DAFEDCBA0000000000000039 /* PersistenceService.swift in Sources */,
				DAFEDCBA000000000000003A /* PRService.swift in Sources */,
				DAFEDCBA000000000000003B /* CalorieService.swift in Sources */,
				DAFEDCBA000000000000003C /* FirebaseService.swift in Sources */,
				DAFEDCBA000000000000003D /* WorkoutSessionViewModel.swift in Sources */,
				DAFEDCBA000000000000003E /* MainTabView.swift in Sources */,
				DAFEDCBA000000000000003F /* LogHomeView.swift in Sources */,
				DAFEDCBA0000000000000040 /* ActiveWorkoutView.swift in Sources */,
				DAFEDCBA0000000000000041 /* ExerciseBlockView.swift in Sources */,
				DAFEDCBA0000000000000042 /* SetRowView.swift in Sources */,
				DAFEDCBA0000000000000043 /* ExercisePickerView.swift in Sources */,
				DAFEDCBA0000000000000044 /* RecordsView.swift in Sources */,
				DAFEDCBA0000000000000045 /* HistoryView.swift in Sources */,
				DAFEDCBA0000000000000046 /* SettingsView.swift in Sources */,
				DAFEDCBA0000000000000047 /* AccountView.swift in Sources */,
				DAFEDCBA0000000000000048 /* TimerBarView.swift in Sources */,
				DAFEDCBA0000000000000049 /* HelpButton.swift in Sources */,
			);
			runOnlyForDeploymentPostprocessing = 0;
		};
/* End PBXSourcesBuildPhase section */

/* Begin XCBuildConfiguration section */
		DAFEDCBA0000000000000080 /* Debug */ = {
			isa = XCBuildConfiguration;
			buildSettings = {
				ALWAYS_SEARCH_USER_PATHS = NO;
				ASSETCATALOG_COMPILER_GENERATE_SWIFT_ASSET_SYMBOL_EXTENSIONS = YES;
				CLANG_ANALYZER_NONNULL = YES;
				CLANG_ANALYZER_NUMBER_OBJECT_CONVERSION = YES_AGGRESSIVE;
				CLANG_CXX_LANGUAGE_STANDARD = "gnu++20";
				CLANG_ENABLE_MODULES = YES;
				CLANG_ENABLE_OBJC_ARC = YES;
				CLANG_ENABLE_OBJC_WEAK = YES;
				CLANG_WARN_BLOCK_CAPTURE_AUTORELEASING = YES;
				CLANG_WARN_BOOL_CONVERSION = YES;
				CLANG_WARN_COMMA = YES;
				CLANG_WARN_CONSTANT_CONVERSION = YES;
				CLANG_WARN_DEPRECATED_OBJC_IMPLEMENTATIONS = YES;
				CLANG_WARN_DIRECT_OBJC_ISA_USAGE = YES_ERROR;
				CLANG_WARN_DOCUMENTATION_COMMENTS = YES;
				CLANG_WARN_EMPTY_BODY = YES;
				CLANG_WARN_ENUM_CONVERSION = YES;
				CLANG_WARN_INFINITE_RECURSION = YES;
				CLANG_WARN_INT_CONVERSION = YES;
				CLANG_WARN_NON_LITERAL_NULL_CONVERSION = YES;
				CLANG_WARN_OBJC_IMPLICIT_RETAIN_CYCLE = YES;
				CLANG_WARN_OBJC_LITERAL_CONVERSION = YES;
				CLANG_WARN_OBJC_ROOT_CLASS = YES_ERROR;
				CLANG_WARN_QUOTED_INCLUDE_IN_FRAMEWORK_HEADER = YES;
				CLANG_WARN_RANGE_LOOP_ANALYSIS = YES;
				CLANG_WARN_STRICT_PROTOTYPES = YES;
				CLANG_WARN_SUSPICIOUS_MOVE = YES;
				CLANG_WARN_UNGUARDED_AVAILABILITY = YES_AGGRESSIVE;
				CLANG_WARN_UNREACHABLE_CODE = YES;
				CLANG_WARN__DUPLICATE_METHOD_MATCH = YES;
				COPY_PHASE_STRIP = NO;
				DEBUG_INFORMATION_FORMAT = dwarf;
				ENABLE_STRICT_OBJC_MSGSEND = YES;
				ENABLE_TESTABILITY = YES;
				ENABLE_USER_SCRIPT_SANDBOXING = YES;
				GCC_C_LANGUAGE_STANDARD = gnu17;
				GCC_DYNAMIC_NO_PIC = NO;
				GCC_NO_COMMON_BLOCKS = YES;
				GCC_OPTIMIZATION_LEVEL = 0;
				GCC_PREPROCESSOR_DEFINITIONS = (
					"DEBUG=1",
					"$(inherited)",
				);
				GCC_WARN_64_TO_32_BIT_CONVERSION = YES;
				GCC_WARN_ABOUT_RETURN_TYPE = YES_ERROR;
				GCC_WARN_UNDECLARED_SELECTOR = YES;
				GCC_WARN_UNINITIALIZED_AUTOS = YES_AGGRESSIVE;
				GCC_WARN_UNUSED_FUNCTION = YES;
				GCC_WARN_UNUSED_VARIABLE = YES;
				IPHONEOS_DEPLOYMENT_TARGET = 17.0;
				MTL_ENABLE_DEBUG_INFO = INCLUDE_SOURCE;
				MTL_FAST_MATH = YES;
				ONLY_ACTIVE_ARCH = YES;
				SDKROOT = iphoneos;
				SWIFT_ACTIVE_COMPILATION_CONDITIONS = DEBUG;
				SWIFT_OPTIMIZATION_LEVEL = "-Onone";
			};
			name = Debug;
		};
		DAFEDCBA0000000000000081 /* Release */ = {
			isa = XCBuildConfiguration;
			buildSettings = {
				ALWAYS_SEARCH_USER_PATHS = NO;
				ASSETCATALOG_COMPILER_GENERATE_SWIFT_ASSET_SYMBOL_EXTENSIONS = YES;
				CLANG_ANALYZER_NONNULL = YES;
				CLANG_ANALYZER_NUMBER_OBJECT_CONVERSION = YES_AGGRESSIVE;
				CLANG_CXX_LANGUAGE_STANDARD = "gnu++20";
				CLANG_ENABLE_MODULES = YES;
				CLANG_ENABLE_OBJC_ARC = YES;
				CLANG_ENABLE_OBJC_WEAK = YES;
				CLANG_WARN_BLOCK_CAPTURE_AUTORELEASING = YES;
				CLANG_WARN_BOOL_CONVERSION = YES;
				CLANG_WARN_COMMA = YES;
				CLANG_WARN_CONSTANT_CONVERSION = YES;
				CLANG_WARN_DEPRECATED_OBJC_IMPLEMENTATIONS = YES;
				CLANG_WARN_DIRECT_OBJC_ISA_USAGE = YES_ERROR;
				CLANG_WARN_DOCUMENTATION_COMMENTS = YES;
				CLANG_WARN_EMPTY_BODY = YES;
				CLANG_WARN_ENUM_CONVERSION = YES;
				CLANG_WARN_INFINITE_RECURSION = YES;
				CLANG_WARN_INT_CONVERSION = YES;
				CLANG_WARN_NON_LITERAL_NULL_CONVERSION = YES;
				CLANG_WARN_OBJC_IMPLICIT_RETAIN_CYCLE = YES;
				CLANG_WARN_OBJC_LITERAL_CONVERSION = YES;
				CLANG_WARN_OBJC_ROOT_CLASS = YES_ERROR;
				CLANG_WARN_QUOTED_INCLUDE_IN_FRAMEWORK_HEADER = YES;
				CLANG_WARN_RANGE_LOOP_ANALYSIS = YES;
				CLANG_WARN_STRICT_PROTOTYPES = YES;
				CLANG_WARN_SUSPICIOUS_MOVE = YES;
				CLANG_WARN_UNGUARDED_AVAILABILITY = YES_AGGRESSIVE;
				CLANG_WARN_UNREACHABLE_CODE = YES;
				CLANG_WARN__DUPLICATE_METHOD_MATCH = YES;
				COPY_PHASE_STRIP = NO;
				DEBUG_INFORMATION_FORMAT = "dwarf-with-dsym";
				ENABLE_NS_ASSERTIONS = NO;
				ENABLE_STRICT_OBJC_MSGSEND = YES;
				ENABLE_USER_SCRIPT_SANDBOXING = YES;
				GCC_C_LANGUAGE_STANDARD = gnu17;
				GCC_NO_COMMON_BLOCKS = YES;
				GCC_WARN_64_TO_32_BIT_CONVERSION = YES;
				GCC_WARN_ABOUT_RETURN_TYPE = YES_ERROR;
				GCC_WARN_UNDECLARED_SELECTOR = YES;
				GCC_WARN_UNINITIALIZED_AUTOS = YES_AGGRESSIVE;
				GCC_WARN_UNUSED_FUNCTION = YES;
				GCC_WARN_UNUSED_VARIABLE = YES;
				IPHONEOS_DEPLOYMENT_TARGET = 17.0;
				MTL_FAST_MATH = YES;
				SDKROOT = iphoneos;
				SWIFT_COMPILATION_MODE = wholemodule;
				SWIFT_OPTIMIZATION_LEVEL = "-O";
				VALIDATE_PRODUCT = YES;
			};
			name = Release;
		};
		DAFEDCBA0000000000000082 /* Debug */ = {
			isa = XCBuildConfiguration;
			buildSettings = {
				ASSETCATALOG_COMPILER_APPICON_NAME = AppIcon;
				ASSETCATALOG_COMPILER_GLOBAL_ACCENT_COLOR_NAME = AccentColor;
				CODE_SIGN_STYLE = Automatic;
				CURRENT_PROJECT_VERSION = 1;
				DEVELOPMENT_ASSET_PATHS = "";
				ENABLE_PREVIEWS = YES;
				GENERATE_INFOPLIST_FILE = YES;
				INFOPLIST_KEY_UIApplicationSceneManifest_Generation = YES;
				INFOPLIST_KEY_UIApplicationSupportsIndirectInputEvents = YES;
				INFOPLIST_KEY_UILaunchScreen_Generation = YES;
				INFOPLIST_KEY_UISupportedInterfaceOrientations_iPhone = UIInterfaceOrientationPortrait;
				IPHONEOS_DEPLOYMENT_TARGET = 17.0;
				LD_RUNPATH_SEARCH_PATHS = (
					"$(inherited)",
					"@executable_path/Frameworks",
				);
				MARKETING_VERSION = 1.0;
				PRODUCT_BUNDLE_IDENTIFIER = com.ironlog.app;
				PRODUCT_NAME = "$(TARGET_NAME)";
				SWIFT_EMIT_LOC_STRINGS = YES;
				SWIFT_VERSION = 5.0;
				TARGETED_DEVICE_FAMILY = 1;
			};
			name = Debug;
		};
		DAFEDCBA0000000000000083 /* Release */ = {
			isa = XCBuildConfiguration;
			buildSettings = {
				ASSETCATALOG_COMPILER_APPICON_NAME = AppIcon;
				ASSETCATALOG_COMPILER_GLOBAL_ACCENT_COLOR_NAME = AccentColor;
				CODE_SIGN_STYLE = Automatic;
				CURRENT_PROJECT_VERSION = 1;
				DEVELOPMENT_ASSET_PATHS = "";
				ENABLE_PREVIEWS = YES;
				GENERATE_INFOPLIST_FILE = YES;
				INFOPLIST_KEY_UIApplicationSceneManifest_Generation = YES;
				INFOPLIST_KEY_UIApplicationSupportsIndirectInputEvents = YES;
				INFOPLIST_KEY_UILaunchScreen_Generation = YES;
				INFOPLIST_KEY_UISupportedInterfaceOrientations_iPhone = UIInterfaceOrientationPortrait;
				IPHONEOS_DEPLOYMENT_TARGET = 17.0;
				LD_RUNPATH_SEARCH_PATHS = (
					"$(inherited)",
					"@executable_path/Frameworks",
				);
				MARKETING_VERSION = 1.0;
				PRODUCT_BUNDLE_IDENTIFIER = com.ironlog.app;
				PRODUCT_NAME = "$(TARGET_NAME)";
				SWIFT_EMIT_LOC_STRINGS = YES;
				SWIFT_VERSION = 5.0;
				TARGETED_DEVICE_FAMILY = 1;
			};
			name = Release;
		};
/* End XCBuildConfiguration section */

/* Begin XCConfigurationList section */
		DAFEDCBA0000000000000070 /* Build configuration list for PBXProject "IronLog" */ = {
			isa = XCConfigurationList;
			buildConfigurations = (
				DAFEDCBA0000000000000080 /* Debug */,
				DAFEDCBA0000000000000081 /* Release */,
			);
			defaultConfigurationIsVisible = 0;
			defaultConfigurationName = Release;
		};
		DAFEDCBA0000000000000071 /* Build configuration list for PBXNativeTarget "IronLog" */ = {
			isa = XCConfigurationList;
			buildConfigurations = (
				DAFEDCBA0000000000000082 /* Debug */,
				DAFEDCBA0000000000000083 /* Release */,
			);
			defaultConfigurationIsVisible = 0;
			defaultConfigurationName = Release;
		};
/* End XCConfigurationList section */

	};
	rootObject = DAFEDCBA0000000000000090 /* Project object */;
}
